
Microsoft Visual Studio Solution File, Format Version 12.00
# Visual Studio Version 16
VisualStudioVersion = 16.0.31911.196
MinimumVisualStudioVersion = 10.0.40219.1
Project("{9A19103F-16F7-4668-BE54-9A1E7A4F7556}") = "Entities", "Entities\Entities.csproj", "{39B2B2BE-CAF6-4E11-984D-D97FFDA63383}"
EndProject
Project("{9A19103F-16F7-4668-BE54-9A1E7A4F7556}") = "DataAccess", "DataAccess\DataAccess.csproj", "{41443D2F-434E-4393-BB1F-9987668796A2}"
EndProject
Project("{9A19103F-16F7-4668-BE54-9A1E7A4F7556}") = "Business", "Business\Business.csproj", "{8A8793CB-8EA9-4382-9D13-3E16EBFA2C72}"
EndProject
Project("{9A19103F-16F7-4668-BE54-9A1E7A4F7556}") = "ConsoleUI", "ConsoleUI\ConsoleUI.csproj", "{5D7BC446-D9A9-43B0-A172-1BB2C137B554}"
EndProject
Project("{9A19103F-16F7-4668-BE54-9A1E7A4F7556}") = "Core", "Core\Core.csproj", "{2A434100-9E38-4079-B207-F97156664F15}"
EndProject
Project("{FAE04EC0-301F-11D3-BF4B-00C04F79EFBC}") = "WebAPI", "WebAPI\WebAPI.csproj", "{2E824779-9DE2-4D72-8EA8-ABAA1E1893EE}"
EndProject
Global
	GlobalSection(SolutionConfigurationPlatforms) = preSolution
		Debug|Any CPU = Debug|Any CPU
		Release|Any CPU = Release|Any CPU
	EndGlobalSection
	GlobalSection(ProjectConfigurationPlatforms) = postSolution
		{39B2B2BE-CAF6-4E11-984D-D97FFDA63383}.Debug|Any CPU.ActiveCfg = Debug|Any CPU
		{39B2B2BE-CAF6-4E11-984D-D97FFDA63383}.Debug|Any CPU.Build.0 = Debug|Any CPU
		{39B2B2BE-CAF6-4E11-984D-D97FFDA63383}.Release|Any CPU.ActiveCfg = Release|Any CPU
		{39B2B2BE-CAF6-4E11-984D-D97FFDA63383}.Release|Any CPU.Build.0 = Release|Any CPU
		{41443D2F-434E-4393-BB1F-9987668796A2}.Debug|Any CPU.ActiveCfg = Debug|Any CPU
		{41443D2F-434E-4393-BB1F-9987668796A2}.Debug|Any CPU.Build.0 = Debug|Any CPU
		{41443D2F-434E-4393-BB1F-9987668796A2}.Release|Any CPU.ActiveCfg = Release|Any CPU
		{41443D2F-434E-4393-BB1F-9987668796A2}.Release|Any CPU.Build.0 = Release|Any CPU
		{8A8793CB-8EA9-4382-9D13-3E16EBFA2C72}.Debug|Any CPU.ActiveCfg = Debug|Any CPU
		{8A8793CB-8EA9-4382-9D13-3E16EBFA2C72}.Debug|Any CPU.Build.0 = Debug|Any CPU
		{8A8793CB-8EA9-4382-9D13-3E16EBFA2C72}.Release|Any CPU.ActiveCfg = Release|Any CPU
		{8A8793CB-8EA9-4382-9D13-3E16EBFA2C72}.Release|Any CPU.Build.0 = Release|Any CPU
		{5D7BC446-D9A9-43B0-A172-1BB2C137B554}.Debug|Any CPU.ActiveCfg = Debug|Any CPU
		{5D7BC446-D9A9-43B0-A172-1BB2C137B554}.Debug|Any CPU.Build.0 = Debug|Any CPU
		{5D7BC446-D9A9-43B0-A172-1BB2C137B554}.Release|Any CPU.ActiveCfg = Release|Any CPU
		{5D7BC446-D9A9-43B0-A172-1BB2C137B554}.Release|Any CPU.Build.0 = Release|Any CPU
		{2A434100-9E38-4079-B207-F97156664F15}.Debug|Any CPU.ActiveCfg = Debug|Any CPU
		{2A434100-9E38-4079-B207-F97156664F15}.Debug|Any CPU.Build.0 = Debug|Any CPU
		{2A434100-9E38-4079-B207-F97156664F15}.Release|Any CPU.ActiveCfg = Release|Any CPU
		{2A434100-9E38-4079-B207-F97156664F15}.Release|Any CPU.Build.0 = Release|Any CPU
		{2E824779-9DE2-4D72-8EA8-ABAA1E1893EE}.Debug|Any CPU.ActiveCfg = Debug|Any CPU
		{2E824779-9DE2-4D72-8EA8-ABAA1E1893EE}.Debug|Any CPU.Build.0 = Debug|Any CPU
		{2E824779-9DE2-4D72-8EA8-ABAA1E1893EE}.Release|Any CPU.ActiveCfg = Release|Any CPU
		{2E824779-9DE2-4D72-8EA8-ABAA1E1893EE}.Release|Any CPU.Build.0 = Release|Any CPU
	EndGlobalSection
	GlobalSection(SolutionProperties) = preSolution
		HideSolutionNode = FALSE
	EndGlobalSection
	GlobalSection(ExtensibilityGlobals) = postSolution
		SolutionGuid = {150BAB3D-B220-4C15-ADE8-E9D2AC07BCAC}
	EndGlobalSection
EndGlobal
